
Microsoft Visual Studio Solution File, Format Version 12.00
# Visual Studio Version 17
VisualStudioVersion = 17.0.31903.59
MinimumVisualStudioVersion = 10.0.40219.1
Project("{2150E333-8FDC-42A3-9474-1A3956D46DE8}") = "src", "src", "{827E0CD3-B72D-47B6-A68D-7590B98EB39B}"
EndProject
Project("{FAE04EC0-301F-11D3-BF4B-00C04F79EFBC}") = "Pipeline.Core", "src\Pipeline.Core\Pipeline.Core.csproj", "{4FBADD34-7FF8-4EF0-9E90-611FC0E59191}"
EndProject
Project("{FAE04EC0-301F-11D3-BF4B-00C04F79EFBC}") = "Pipeline.Core.Tests", "src\Pipeline.Core.Tests\Pipeline.Core.Tests.csproj", "{9036E233-6F90-4A21-8F97-715753B3764E}"
EndProject
Project("{FAE04EC0-301F-11D3-BF4B-00C04F79EFBC}") = "App.Console", "src\App.Console\App.Console.csproj", "{0D88996A-E9E9-497F-9AB5-F652AA1B2868}"
EndProject
Project("{FAE04EC0-301F-11D3-BF4B-00C04F79EFBC}") = "App.WinUI", "src\App.WinUI\App.WinUI.csproj", "{E4406CBA-F244-4C28-8C94-20A3B6C9103A}"
EndProject
Global
	GlobalSection(SolutionConfigurationPlatforms) = preSolution
		Debug|Any CPU = Debug|Any CPU
		Debug|x64 = Debug|x64
		Debug|x86 = Debug|x86
		Release|Any CPU = Release|Any CPU
		Release|x64 = Release|x64
		Release|x86 = Release|x86
	EndGlobalSection
	GlobalSection(ProjectConfigurationPlatforms) = postSolution
		{4FBADD34-7FF8-4EF0-9E90-611FC0E59191}.Debug|Any CPU.ActiveCfg = Debug|Any CPU
		{4FBADD34-7FF8-4EF0-9E90-611FC0E59191}.Debug|Any CPU.Build.0 = Debug|Any CPU
		{4FBADD34-7FF8-4EF0-9E90-611FC0E59191}.Debug|x64.ActiveCfg = Debug|Any CPU
		{4FBADD34-7FF8-4EF0-9E90-611FC0E59191}.Debug|x64.Build.0 = Debug|Any CPU
		{4FBADD34-7FF8-4EF0-9E90-611FC0E59191}.Debug|x86.ActiveCfg = Debug|Any CPU
		{4FBADD34-7FF8-4EF0-9E90-611FC0E59191}.Debug|x86.Build.0 = Debug|Any CPU
		{4FBADD34-7FF8-4EF0-9E90-611FC0E59191}.Release|Any CPU.ActiveCfg = Release|Any CPU
		{4FBADD34-7FF8-4EF0-9E90-611FC0E59191}.Release|Any CPU.Build.0 = Release|Any CPU
		{4FBADD34-7FF8-4EF0-9E90-611FC0E59191}.Release|x64.ActiveCfg = Release|Any CPU
		{4FBADD34-7FF8-4EF0-9E90-611FC0E59191}.Release|x64.Build.0 = Release|Any CPU
		{4FBADD34-7FF8-4EF0-9E90-611FC0E59191}.Release|x86.ActiveCfg = Release|Any CPU
		{4FBADD34-7FF8-4EF0-9E90-611FC0E59191}.Release|x86.Build.0 = Release|Any CPU
		{9036E233-6F90-4A21-8F97-715753B3764E}.Debug|Any CPU.ActiveCfg = Debug|Any CPU
		{9036E233-6F90-4A21-8F97-715753B3764E}.Debug|Any CPU.Build.0 = Debug|Any CPU
		{9036E233-6F90-4A21-8F97-715753B3764E}.Debug|x64.ActiveCfg = Debug|Any CPU
		{9036E233-6F90-4A21-8F97-715753B3764E}.Debug|x64.Build.0 = Debug|Any CPU
		{9036E233-6F90-4A21-8F97-715753B3764E}.Debug|x86.ActiveCfg = Debug|Any CPU
		{9036E233-6F90-4A21-8F97-715753B3764E}.Debug|x86.Build.0 = Debug|Any CPU
		{9036E233-6F90-4A21-8F97-715753B3764E}.Release|Any CPU.ActiveCfg = Release|Any CPU
		{9036E233-6F90-4A21-8F97-715753B3764E}.Release|Any CPU.Build.0 = Release|Any CPU
		{9036E233-6F90-4A21-8F97-715753B3764E}.Release|x64.ActiveCfg = Release|Any CPU
		{9036E233-6F90-4A21-8F97-715753B3764E}.Release|x64.Build.0 = Release|Any CPU
		{9036E233-6F90-4A21-8F97-715753B3764E}.Release|x86.ActiveCfg = Release|Any CPU
		{9036E233-6F90-4A21-8F97-715753B3764E}.Release|x86.Build.0 = Release|Any CPU
		{0D88996A-E9E9-497F-9AB5-F652AA1B2868}.Debug|Any CPU.ActiveCfg = Debug|Any CPU
		{0D88996A-E9E9-497F-9AB5-F652AA1B2868}.Debug|Any CPU.Build.0 = Debug|Any CPU
		{0D88996A-E9E9-497F-9AB5-F652AA1B2868}.Debug|x64.ActiveCfg = Debug|Any CPU
		{0D88996A-E9E9-497F-9AB5-F652AA1B2868}.Debug|x64.Build.0 = Debug|Any CPU
		{0D88996A-E9E9-497F-9AB5-F652AA1B2868}.Debug|x86.ActiveCfg = Debug|Any CPU
		{0D88996A-E9E9-497F-9AB5-F652AA1B2868}.Debug|x86.Build.0 = Debug|Any CPU
		{0D88996A-E9E9-497F-9AB5-F652AA1B2868}.Release|Any CPU.ActiveCfg = Release|Any CPU
		{0D88996A-E9E9-497F-9AB5-F652AA1B2868}.Release|Any CPU.Build.0 = Release|Any CPU
		{0D88996A-E9E9-497F-9AB5-F652AA1B2868}.Release|x64.ActiveCfg = Release|Any CPU
		{0D88996A-E9E9-497F-9AB5-F652AA1B2868}.Release|x64.Build.0 = Release|Any CPU
		{0D88996A-E9E9-497F-9AB5-F652AA1B2868}.Release|x86.ActiveCfg = Release|Any CPU
		{0D88996A-E9E9-497F-9AB5-F652AA1B2868}.Release|x86.Build.0 = Release|Any CPU
		{E4406CBA-F244-4C28-8C94-20A3B6C9103A}.Debug|Any CPU.ActiveCfg = Debug|x64
		{E4406CBA-F244-4C28-8C94-20A3B6C9103A}.Debug|Any CPU.Build.0 = Debug|x64
		{E4406CBA-F244-4C28-8C94-20A3B6C9103A}.Debug|x64.ActiveCfg = Debug|x64
		{E4406CBA-F244-4C28-8C94-20A3B6C9103A}.Debug|x64.Build.0 = Debug|x64
		{E4406CBA-F244-4C28-8C94-20A3B6C9103A}.Debug|x86.ActiveCfg = Debug|x64
		{E4406CBA-F244-4C28-8C94-20A3B6C9103A}.Debug|x86.Build.0 = Debug|x64
		{E4406CBA-F244-4C28-8C94-20A3B6C9103A}.Release|Any CPU.ActiveCfg = Release|x64
		{E4406CBA-F244-4C28-8C94-20A3B6C9103A}.Release|Any CPU.Build.0 = Release|x64
		{E4406CBA-F244-4C28-8C94-20A3B6C9103A}.Release|x64.ActiveCfg = Release|x64
		{E4406CBA-F244-4C28-8C94-20A3B6C9103A}.Release|x64.Build.0 = Release|x64
		{E4406CBA-F244-4C28-8C94-20A3B6C9103A}.Release|x86.ActiveCfg = Release|x64
		{E4406CBA-F244-4C28-8C94-20A3B6C9103A}.Release|x86.Build.0 = Release|x64
	EndGlobalSection
	GlobalSection(SolutionProperties) = preSolution
		HideSolutionNode = FALSE
	EndGlobalSection
	GlobalSection(NestedProjects) = preSolution
		{4FBADD34-7FF8-4EF0-9E90-611FC0E59191} = {827E0CD3-B72D-47B6-A68D-7590B98EB39B}
		{9036E233-6F90-4A21-8F97-715753B3764E} = {827E0CD3-B72D-47B6-A68D-7590B98EB39B}
		{0D88996A-E9E9-497F-9AB5-F652AA1B2868} = {827E0CD3-B72D-47B6-A68D-7590B98EB39B}
		{E4406CBA-F244-4C28-8C94-20A3B6C9103A} = {827E0CD3-B72D-47B6-A68D-7590B98EB39B}
	EndGlobalSection
EndGlobal
